
Microsoft Visual Studio Solution File, Format Version 12.00
Project("{FAE04EC0-301F-11D3-BF4B-00C04F79EFBC}") = "BigStudentsDiary.Infrastructure", "BigStudentsDiary.Infrastructure\BigStudentsDiary.Infrastructure.csproj", "{021AB8B2-5420-4498-AECA-DEEB3D2E87AB}"
EndProject
Project("{FAE04EC0-301F-11D3-BF4B-00C04F79EFBC}") = "BigStudentsDiary.Domain", "BigStudentsDiary.Domain\BigStudentsDiary.Domain.csproj", "{67362CE2-0885-448E-A4D6-0A0F406D1B2B}"
EndProject
Project("{FAE04EC0-301F-11D3-BF4B-00C04F79EFBC}") = "BigStudentsDiary.WebAPI", "BigStudentsDiary.WebAPI\BigStudentsDiary.WebAPI.csproj", "{794F9B77-8855-4769-8906-7FA84C659844}"
EndProject
Project("{FAE04EC0-301F-11D3-BF4B-00C04F79EFBC}") = "BigStudentsDiary.Core", "BigStudentsDiary.Core\BigStudentsDiary.Core.csproj", "{8863CFF0-3B1A-4588-99E5-07B39E00F449}"
EndProject
Global
	GlobalSection(SolutionConfigurationPlatforms) = preSolution
		Debug|Any CPU = Debug|Any CPU
		Release|Any CPU = Release|Any CPU
	EndGlobalSection
	GlobalSection(ProjectConfigurationPlatforms) = postSolution
		{021AB8B2-5420-4498-AECA-DEEB3D2E87AB}.Debug|Any CPU.ActiveCfg = Debug|Any CPU
		{021AB8B2-5420-4498-AECA-DEEB3D2E87AB}.Debug|Any CPU.Build.0 = Debug|Any CPU
		{021AB8B2-5420-4498-AECA-DEEB3D2E87AB}.Release|Any CPU.ActiveCfg = Release|Any CPU
		{021AB8B2-5420-4498-AECA-DEEB3D2E87AB}.Release|Any CPU.Build.0 = Release|Any CPU
		{67362CE2-0885-448E-A4D6-0A0F406D1B2B}.Debug|Any CPU.ActiveCfg = Debug|Any CPU
		{67362CE2-0885-448E-A4D6-0A0F406D1B2B}.Debug|Any CPU.Build.0 = Debug|Any CPU
		{67362CE2-0885-448E-A4D6-0A0F406D1B2B}.Release|Any CPU.ActiveCfg = Release|Any CPU
		{67362CE2-0885-448E-A4D6-0A0F406D1B2B}.Release|Any CPU.Build.0 = Release|Any CPU
		{794F9B77-8855-4769-8906-7FA84C659844}.Debug|Any CPU.ActiveCfg = Debug|Any CPU
		{794F9B77-8855-4769-8906-7FA84C659844}.Debug|Any CPU.Build.0 = Debug|Any CPU
		{794F9B77-8855-4769-8906-7FA84C659844}.Release|Any CPU.ActiveCfg = Release|Any CPU
		{794F9B77-8855-4769-8906-7FA84C659844}.Release|Any CPU.Build.0 = Release|Any CPU
		{8863CFF0-3B1A-4588-99E5-07B39E00F449}.Debug|Any CPU.ActiveCfg = Debug|Any CPU
		{8863CFF0-3B1A-4588-99E5-07B39E00F449}.Debug|Any CPU.Build.0 = Debug|Any CPU
		{8863CFF0-3B1A-4588-99E5-07B39E00F449}.Release|Any CPU.ActiveCfg = Release|Any CPU
		{8863CFF0-3B1A-4588-99E5-07B39E00F449}.Release|Any CPU.Build.0 = Release|Any CPU
	EndGlobalSection
EndGlobal
